
Microsoft Visual Studio Solution File, Format Version 12.00
# Visual Studio Version 17
VisualStudioVersion = 17.8.34330.188
MinimumVisualStudioVersion = 10.0.40219.1
Project("{FAE04EC0-301F-11D3-BF4B-00C04F79EFBC}") = "Profit_Center_Server", "Profit_Center\Profit_Center_Server.csproj", "{3E810B4E-43C6-4D29-9643-5AC209B4C1CD}"
EndProject
Project("{FAE04EC0-301F-11D3-BF4B-00C04F79EFBC}") = "Profit_Center_Client", "Profit_Center_Client\Profit_Center_Client.csproj", "{BF616B60-F7BC-49AA-BF9B-376889F93AC5}"
EndProject
Global
	GlobalSection(SolutionConfigurationPlatforms) = preSolution
		Debug|Any CPU = Debug|Any CPU
		Release|Any CPU = Release|Any CPU
	EndGlobalSection
	GlobalSection(ProjectConfigurationPlatforms) = postSolution
		{3E810B4E-43C6-4D29-9643-5AC209B4C1CD}.Debug|Any CPU.ActiveCfg = Debug|Any CPU
		{3E810B4E-43C6-4D29-9643-5AC209B4C1CD}.Debug|Any CPU.Build.0 = Debug|Any CPU
		{3E810B4E-43C6-4D29-9643-5AC209B4C1CD}.Release|Any CPU.ActiveCfg = Release|Any CPU
		{3E810B4E-43C6-4D29-9643-5AC209B4C1CD}.Release|Any CPU.Build.0 = Release|Any CPU
		{BF616B60-F7BC-49AA-BF9B-376889F93AC5}.Debug|Any CPU.ActiveCfg = Debug|Any CPU
		{BF616B60-F7BC-49AA-BF9B-376889F93AC5}.Debug|Any CPU.Build.0 = Debug|Any CPU
		{BF616B60-F7BC-49AA-BF9B-376889F93AC5}.Release|Any CPU.ActiveCfg = Release|Any CPU
		{BF616B60-F7BC-49AA-BF9B-376889F93AC5}.Release|Any CPU.Build.0 = Release|Any CPU
	EndGlobalSection
	GlobalSection(SolutionProperties) = preSolution
		HideSolutionNode = FALSE
	EndGlobalSection
	GlobalSection(ExtensibilityGlobals) = postSolution
		SolutionGuid = {E07291D6-4089-48AC-AAB7-43BCAC065E8A}
	EndGlobalSection
EndGlobal
